%{
  "gen_state_machine": {:hex, :gen_state_machine, "2.0.5", "9ac15ec6e66acac994cc442dcc2c6f9796cf380ec4b08267223014be1c728a95", [:mix], [], "hexpm"},
  "gen_state_machine_helpers": {:hex, :gen_state_machine_helpers, "0.1.0", "d6cd29d6b0a5ffeacd6e6d007733231916c228f2a0f758ff93d5361656a22133", [:mix], [], "hexpm"},
}
